
Microsoft Visual Studio Solution File, Format Version 12.00
# Visual Studio 14
VisualStudioVersion = 14.0.23107.0
MinimumVisualStudioVersion = 10.0.40219.1
Project("{FAE04EC0-301F-11D3-BF4B-00C04F79EFBC}") = "Project.Business.Test", "Test\Project.Business.Test\Project.Business.Test.csproj", "{DFAD1806-A1EC-45C6-A0C0-5AB1C33858A2}"
EndProject
Global
	GlobalSection(SolutionConfigurationPlatforms) = preSolution
		Debug|Any CPU = Debug|Any CPU
		Release|Any CPU = Release|Any CPU
	EndGlobalSection
	GlobalSection(ProjectConfigurationPlatforms) = postSolution
		{DFAD1806-A1EC-45C6-A0C0-5AB1C33858A2}.Debug|Any CPU.ActiveCfg = Debug|Any CPU
		{DFAD1806-A1EC-45C6-A0C0-5AB1C33858A2}.Debug|Any CPU.Build.0 = Debug|Any CPU
		{DFAD1806-A1EC-45C6-A0C0-5AB1C33858A2}.Release|Any CPU.ActiveCfg = Release|Any CPU
		{DFAD1806-A1EC-45C6-A0C0-5AB1C33858A2}.Release|Any CPU.Build.0 = Release|Any CPU
	EndGlobalSection
	GlobalSection(SolutionProperties) = preSolution
		HideSolutionNode = FALSE
	EndGlobalSection
EndGlobal
